
Microsoft Visual Studio Solution File, Format Version 12.00
# Visual Studio 15
VisualStudioVersion = 15.0.28307.421
MinimumVisualStudioVersion = 10.0.40219.1
Project("{FAE04EC0-301F-11D3-BF4B-00C04F79EFBC}") = "Study_Inheritance", "..\..\..\CSharpStudy\Study_Inheritance\Study_Inheritance\Study_Inheritance.csproj", "{746B5E33-7443-4C80-A7AB-980E712512F5}"
EndProject
Global
	GlobalSection(SolutionConfigurationPlatforms) = preSolution
		Debug|Any CPU = Debug|Any CPU
		Release|Any CPU = Release|Any CPU
	EndGlobalSection
	GlobalSection(ProjectConfigurationPlatforms) = postSolution
		{746B5E33-7443-4C80-A7AB-980E712512F5}.Debug|Any CPU.ActiveCfg = Debug|Any CPU
		{746B5E33-7443-4C80-A7AB-980E712512F5}.Debug|Any CPU.Build.0 = Debug|Any CPU
		{746B5E33-7443-4C80-A7AB-980E712512F5}.Release|Any CPU.ActiveCfg = Release|Any CPU
		{746B5E33-7443-4C80-A7AB-980E712512F5}.Release|Any CPU.Build.0 = Release|Any CPU
	EndGlobalSection
	GlobalSection(SolutionProperties) = preSolution
		HideSolutionNode = FALSE
	EndGlobalSection
	GlobalSection(ExtensibilityGlobals) = postSolution
		SolutionGuid = {DA5A84C5-BEE6-4DFF-B9CA-BAC7A0E186DE}
	EndGlobalSection
EndGlobal
